
Microsoft Visual Studio Solution File, Format Version 12.00
# Visual Studio Version 17
VisualStudioVersion = 17.7.34024.191
MinimumVisualStudioVersion = 10.0.40219.1
Project("{2150E333-8FDC-42A3-9474-1A3956D46DE8}") = "src", "src", "{EF3C74D2-A3B5-49AC-A1F1-E01BE0686A78}"
EndProject
Project("{2150E333-8FDC-42A3-9474-1A3956D46DE8}") = "Api", "Api", "{E78B7A99-740B-452A-A756-E35EF62BE42C}"
EndProject
Project("{9A19103F-16F7-4668-BE54-9A1E7A4F7556}") = "Api", "src\Api\Api\Api.csproj", "{206AD5BC-ED81-43A7-80CF-A608A7E0F67B}"
EndProject
Project("{9A19103F-16F7-4668-BE54-9A1E7A4F7556}") = "Application", "src\Api\Application\Application.csproj", "{0FEAB921-B0C9-46B0-ACAE-90B7E3F427A7}"
EndProject
Project("{9A19103F-16F7-4668-BE54-9A1E7A4F7556}") = "Persistence", "src\Api\Persistence\Persistence.csproj", "{1AA66F22-80A9-42C0-94CC-0FFA922C8B40}"
EndProject
Project("{2150E333-8FDC-42A3-9474-1A3956D46DE8}") = "Web", "Web", "{C750FBB1-A46B-4B4E-B566-0840ECE2B555}"
EndProject
Project("{9A19103F-16F7-4668-BE54-9A1E7A4F7556}") = "Web", "src\Web\Web\Web.csproj", "{3816E210-E5F2-4F0E-B625-47EEDB671391}"
EndProject
Global
	GlobalSection(SolutionConfigurationPlatforms) = preSolution
		Debug|Any CPU = Debug|Any CPU
		Release|Any CPU = Release|Any CPU
	EndGlobalSection
	GlobalSection(ProjectConfigurationPlatforms) = postSolution
		{206AD5BC-ED81-43A7-80CF-A608A7E0F67B}.Debug|Any CPU.ActiveCfg = Debug|Any CPU
		{206AD5BC-ED81-43A7-80CF-A608A7E0F67B}.Debug|Any CPU.Build.0 = Debug|Any CPU
		{206AD5BC-ED81-43A7-80CF-A608A7E0F67B}.Release|Any CPU.ActiveCfg = Release|Any CPU
		{206AD5BC-ED81-43A7-80CF-A608A7E0F67B}.Release|Any CPU.Build.0 = Release|Any CPU
		{0FEAB921-B0C9-46B0-ACAE-90B7E3F427A7}.Debug|Any CPU.ActiveCfg = Debug|Any CPU
		{0FEAB921-B0C9-46B0-ACAE-90B7E3F427A7}.Debug|Any CPU.Build.0 = Debug|Any CPU
		{0FEAB921-B0C9-46B0-ACAE-90B7E3F427A7}.Release|Any CPU.ActiveCfg = Release|Any CPU
		{0FEAB921-B0C9-46B0-ACAE-90B7E3F427A7}.Release|Any CPU.Build.0 = Release|Any CPU
		{1AA66F22-80A9-42C0-94CC-0FFA922C8B40}.Debug|Any CPU.ActiveCfg = Debug|Any CPU
		{1AA66F22-80A9-42C0-94CC-0FFA922C8B40}.Debug|Any CPU.Build.0 = Debug|Any CPU
		{1AA66F22-80A9-42C0-94CC-0FFA922C8B40}.Release|Any CPU.ActiveCfg = Release|Any CPU
		{1AA66F22-80A9-42C0-94CC-0FFA922C8B40}.Release|Any CPU.Build.0 = Release|Any CPU
		{3816E210-E5F2-4F0E-B625-47EEDB671391}.Debug|Any CPU.ActiveCfg = Debug|Any CPU
		{3816E210-E5F2-4F0E-B625-47EEDB671391}.Debug|Any CPU.Build.0 = Debug|Any CPU
		{3816E210-E5F2-4F0E-B625-47EEDB671391}.Release|Any CPU.ActiveCfg = Release|Any CPU
		{3816E210-E5F2-4F0E-B625-47EEDB671391}.Release|Any CPU.Build.0 = Release|Any CPU
	EndGlobalSection
	GlobalSection(SolutionProperties) = preSolution
		HideSolutionNode = FALSE
	EndGlobalSection
	GlobalSection(NestedProjects) = preSolution
		{E78B7A99-740B-452A-A756-E35EF62BE42C} = {EF3C74D2-A3B5-49AC-A1F1-E01BE0686A78}
		{206AD5BC-ED81-43A7-80CF-A608A7E0F67B} = {E78B7A99-740B-452A-A756-E35EF62BE42C}
		{0FEAB921-B0C9-46B0-ACAE-90B7E3F427A7} = {E78B7A99-740B-452A-A756-E35EF62BE42C}
		{1AA66F22-80A9-42C0-94CC-0FFA922C8B40} = {E78B7A99-740B-452A-A756-E35EF62BE42C}
		{C750FBB1-A46B-4B4E-B566-0840ECE2B555} = {EF3C74D2-A3B5-49AC-A1F1-E01BE0686A78}
		{3816E210-E5F2-4F0E-B625-47EEDB671391} = {C750FBB1-A46B-4B4E-B566-0840ECE2B555}
	EndGlobalSection
	GlobalSection(ExtensibilityGlobals) = postSolution
		SolutionGuid = {A46F3C7C-F7D9-48D7-93D3-FE80BBC89D36}
	EndGlobalSection
EndGlobal
