
Microsoft Visual Studio Solution File, Format Version 12.00
# Visual Studio Version 17
VisualStudioVersion = 17.7.34024.191
MinimumVisualStudioVersion = 10.0.40219.1
Project("{2150E333-8FDC-42A3-9474-1A3956D46DE8}") = "src", "src", "{EF3C74D2-A3B5-49AC-A1F1-E01BE0686A78}"
EndProject
Project("{2150E333-8FDC-42A3-9474-1A3956D46DE8}") = "Api", "Api", "{E78B7A99-740B-452A-A756-E35EF62BE42C}"
EndProject
Project("{9A19103F-16F7-4668-BE54-9A1E7A4F7556}") = "Lilibre.Api", "src\Api\Lilibre.Api\Lilibre.Api.csproj", "{0C65770F-610F-432C-B3EC-53A130D49E16}"
EndProject
Project("{FAE04EC0-301F-11D3-BF4B-00C04F79EFBC}") = "Lilibre.Application", "src\Api\Lilibre.Application\Lilibre.Application.csproj", "{0FFA456D-A15C-4379-96C0-6C0B4F6A321A}"
EndProject
Project("{FAE04EC0-301F-11D3-BF4B-00C04F79EFBC}") = "Lilibre.Persistence", "src\Api\Lilibre.Persistence\Lilibre.Persistence.csproj", "{6B55833E-2E4C-4102-927F-3CDD45C7E617}"
EndProject
Global
	GlobalSection(SolutionConfigurationPlatforms) = preSolution
		Debug|Any CPU = Debug|Any CPU
		Release|Any CPU = Release|Any CPU
	EndGlobalSection
	GlobalSection(ProjectConfigurationPlatforms) = postSolution
		{0C65770F-610F-432C-B3EC-53A130D49E16}.Debug|Any CPU.ActiveCfg = Debug|Any CPU
		{0C65770F-610F-432C-B3EC-53A130D49E16}.Debug|Any CPU.Build.0 = Debug|Any CPU
		{0C65770F-610F-432C-B3EC-53A130D49E16}.Release|Any CPU.ActiveCfg = Release|Any CPU
		{0C65770F-610F-432C-B3EC-53A130D49E16}.Release|Any CPU.Build.0 = Release|Any CPU
		{0FFA456D-A15C-4379-96C0-6C0B4F6A321A}.Debug|Any CPU.ActiveCfg = Debug|Any CPU
		{0FFA456D-A15C-4379-96C0-6C0B4F6A321A}.Debug|Any CPU.Build.0 = Debug|Any CPU
		{0FFA456D-A15C-4379-96C0-6C0B4F6A321A}.Release|Any CPU.ActiveCfg = Release|Any CPU
		{0FFA456D-A15C-4379-96C0-6C0B4F6A321A}.Release|Any CPU.Build.0 = Release|Any CPU
		{6B55833E-2E4C-4102-927F-3CDD45C7E617}.Debug|Any CPU.ActiveCfg = Debug|Any CPU
		{6B55833E-2E4C-4102-927F-3CDD45C7E617}.Debug|Any CPU.Build.0 = Debug|Any CPU
		{6B55833E-2E4C-4102-927F-3CDD45C7E617}.Release|Any CPU.ActiveCfg = Release|Any CPU
		{6B55833E-2E4C-4102-927F-3CDD45C7E617}.Release|Any CPU.Build.0 = Release|Any CPU
	EndGlobalSection
	GlobalSection(SolutionProperties) = preSolution
		HideSolutionNode = FALSE
	EndGlobalSection
	GlobalSection(NestedProjects) = preSolution
		{E78B7A99-740B-452A-A756-E35EF62BE42C} = {EF3C74D2-A3B5-49AC-A1F1-E01BE0686A78}
		{0C65770F-610F-432C-B3EC-53A130D49E16} = {E78B7A99-740B-452A-A756-E35EF62BE42C}
		{0FFA456D-A15C-4379-96C0-6C0B4F6A321A} = {E78B7A99-740B-452A-A756-E35EF62BE42C}
		{6B55833E-2E4C-4102-927F-3CDD45C7E617} = {E78B7A99-740B-452A-A756-E35EF62BE42C}
	EndGlobalSection
	GlobalSection(ExtensibilityGlobals) = postSolution
		SolutionGuid = {A46F3C7C-F7D9-48D7-93D3-FE80BBC89D36}
	EndGlobalSection
EndGlobal
